
Microsoft Visual Studio Solution File, Format Version 12.00
# Visual Studio Version 17
VisualStudioVersion = 17.4.33205.214
MinimumVisualStudioVersion = 10.0.40219.1
Project("{FAE04EC0-301F-11D3-BF4B-00C04F79EFBC}") = "SnakeGameBlazor", "SnakeGameBlazor\SnakeGameBlazor.csproj", "{380107A3-231E-4CA9-B101-6D0FDC096FED}"
EndProject
Global
	GlobalSection(SolutionConfigurationPlatforms) = preSolution
		Debug|Any CPU = Debug|Any CPU
		Release|Any CPU = Release|Any CPU
	EndGlobalSection
	GlobalSection(ProjectConfigurationPlatforms) = postSolution
		{380107A3-231E-4CA9-B101-6D0FDC096FED}.Debug|Any CPU.ActiveCfg = Debug|Any CPU
		{380107A3-231E-4CA9-B101-6D0FDC096FED}.Debug|Any CPU.Build.0 = Debug|Any CPU
		{380107A3-231E-4CA9-B101-6D0FDC096FED}.Release|Any CPU.ActiveCfg = Release|Any CPU
		{380107A3-231E-4CA9-B101-6D0FDC096FED}.Release|Any CPU.Build.0 = Release|Any CPU
	EndGlobalSection
	GlobalSection(SolutionProperties) = preSolution
		HideSolutionNode = FALSE
	EndGlobalSection
	GlobalSection(ExtensibilityGlobals) = postSolution
		SolutionGuid = {4DFEBFD5-EB7F-4731-84CB-DB993B236366}
	EndGlobalSection
EndGlobal
